
Microsoft Visual Studio Solution File, Format Version 12.00
# Visual Studio Version 16
VisualStudioVersion = 16.0.31129.286
MinimumVisualStudioVersion = 10.0.40219.1
Project("{FAE04EC0-301F-11D3-BF4B-00C04F79EFBC}") = "Clients", "Clients\Clients.csproj", "{79627606-02F1-44B1-9002-B878124A5DA5}"
EndProject
Global
	GlobalSection(SolutionConfigurationPlatforms) = preSolution
		Debug|Any CPU = Debug|Any CPU
		Release|Any CPU = Release|Any CPU
	EndGlobalSection
	GlobalSection(ProjectConfigurationPlatforms) = postSolution
		{79627606-02F1-44B1-9002-B878124A5DA5}.Debug|Any CPU.ActiveCfg = Debug|Any CPU
		{79627606-02F1-44B1-9002-B878124A5DA5}.Debug|Any CPU.Build.0 = Debug|Any CPU
		{79627606-02F1-44B1-9002-B878124A5DA5}.Release|Any CPU.ActiveCfg = Release|Any CPU
		{79627606-02F1-44B1-9002-B878124A5DA5}.Release|Any CPU.Build.0 = Release|Any CPU
	EndGlobalSection
	GlobalSection(SolutionProperties) = preSolution
		HideSolutionNode = FALSE
	EndGlobalSection
	GlobalSection(ExtensibilityGlobals) = postSolution
		SolutionGuid = {5B2FCE00-1D4E-4008-92C7-9E3BA0B80AF7}
	EndGlobalSection
EndGlobal
